
Microsoft Visual Studio Solution File, Format Version 12.00
# Visual Studio 14
VisualStudioVersion = 14.0.23107.0
MinimumVisualStudioVersion = 10.0.40219.1
Project("{2150E333-8FDC-42A3-9474-1A3956D46DE8}") = "0 - Apresentation", "0 - Apresentation", "{1FE793D3-564E-41BA-B8E6-D016E8A3B20E}"
EndProject
Project("{2150E333-8FDC-42A3-9474-1A3956D46DE8}") = "1 - Services", "1 - Services", "{5D3E922B-AE35-4504-ADD6-DC61FB9E4136}"
EndProject
Project("{2150E333-8FDC-42A3-9474-1A3956D46DE8}") = "2 - Application", "2 - Application", "{5EBDACA6-C7BD-41BB-93F2-30401E167DC1}"
EndProject
Project("{2150E333-8FDC-42A3-9474-1A3956D46DE8}") = "3 - Domain", "3 - Domain", "{9E94ACA7-0F9A-4F36-AE72-F9827F80D776}"
EndProject
Project("{2150E333-8FDC-42A3-9474-1A3956D46DE8}") = "4 - Infrastructure", "4 - Infrastructure", "{5CF46453-A8D7-4B7F-816D-159542B7607C}"
EndProject
Project("{2150E333-8FDC-42A3-9474-1A3956D46DE8}") = "4.1 - Data", "4.1 - Data", "{CCA9A65F-ED8E-4382-BC59-8AF71DFB33AC}"
EndProject
Project("{2150E333-8FDC-42A3-9474-1A3956D46DE8}") = "4.2 - CrossCutting", "4.2 - CrossCutting", "{8FA8984F-F9E4-4E9C-9320-CC4D3DCAD000}"
EndProject
Project("{FAE04EC0-301F-11D3-BF4B-00C04F79EFBC}") = "DesignModelDDD.MVC", "DesignModelDDD.MVC\DesignModelDDD.MVC.csproj", "{36AF4773-DC7E-4631-87D1-BD4F319F2CE5}"
EndProject
Project("{FAE04EC0-301F-11D3-BF4B-00C04F79EFBC}") = "DesignModelDDD.Domain", "DesignModelDDD.Domain\DesignModelDDD.Domain.csproj", "{1FB16C23-5564-41D4-85CC-218AD12F3DBB}"
EndProject
Project("{FAE04EC0-301F-11D3-BF4B-00C04F79EFBC}") = "DesignModelDDD.Infrastructure.Data", "DesignModelDDD.Infrastructure.Data\DesignModelDDD.Infrastructure.Data.csproj", "{7E334856-5602-452C-9F1C-E2E0D2681D78}"
EndProject
Project("{FAE04EC0-301F-11D3-BF4B-00C04F79EFBC}") = "DesignModelDDD.Application", "DesignModelDDD.Application\DesignModelDDD.Application.csproj", "{1EC49A85-4E75-4539-818F-FF843BAF1094}"
EndProject
Global
	GlobalSection(SolutionConfigurationPlatforms) = preSolution
		Debug|Any CPU = Debug|Any CPU
		Release|Any CPU = Release|Any CPU
	EndGlobalSection
	GlobalSection(ProjectConfigurationPlatforms) = postSolution
		{36AF4773-DC7E-4631-87D1-BD4F319F2CE5}.Debug|Any CPU.ActiveCfg = Debug|Any CPU
		{36AF4773-DC7E-4631-87D1-BD4F319F2CE5}.Debug|Any CPU.Build.0 = Debug|Any CPU
		{36AF4773-DC7E-4631-87D1-BD4F319F2CE5}.Release|Any CPU.ActiveCfg = Release|Any CPU
		{36AF4773-DC7E-4631-87D1-BD4F319F2CE5}.Release|Any CPU.Build.0 = Release|Any CPU
		{1FB16C23-5564-41D4-85CC-218AD12F3DBB}.Debug|Any CPU.ActiveCfg = Debug|Any CPU
		{1FB16C23-5564-41D4-85CC-218AD12F3DBB}.Debug|Any CPU.Build.0 = Debug|Any CPU
		{1FB16C23-5564-41D4-85CC-218AD12F3DBB}.Release|Any CPU.ActiveCfg = Release|Any CPU
		{1FB16C23-5564-41D4-85CC-218AD12F3DBB}.Release|Any CPU.Build.0 = Release|Any CPU
		{7E334856-5602-452C-9F1C-E2E0D2681D78}.Debug|Any CPU.ActiveCfg = Debug|Any CPU
		{7E334856-5602-452C-9F1C-E2E0D2681D78}.Debug|Any CPU.Build.0 = Debug|Any CPU
		{7E334856-5602-452C-9F1C-E2E0D2681D78}.Release|Any CPU.ActiveCfg = Release|Any CPU
		{7E334856-5602-452C-9F1C-E2E0D2681D78}.Release|Any CPU.Build.0 = Release|Any CPU
		{1EC49A85-4E75-4539-818F-FF843BAF1094}.Debug|Any CPU.ActiveCfg = Debug|Any CPU
		{1EC49A85-4E75-4539-818F-FF843BAF1094}.Debug|Any CPU.Build.0 = Debug|Any CPU
		{1EC49A85-4E75-4539-818F-FF843BAF1094}.Release|Any CPU.ActiveCfg = Release|Any CPU
		{1EC49A85-4E75-4539-818F-FF843BAF1094}.Release|Any CPU.Build.0 = Release|Any CPU
	EndGlobalSection
	GlobalSection(SolutionProperties) = preSolution
		HideSolutionNode = FALSE
	EndGlobalSection
	GlobalSection(NestedProjects) = preSolution
		{CCA9A65F-ED8E-4382-BC59-8AF71DFB33AC} = {5CF46453-A8D7-4B7F-816D-159542B7607C}
		{8FA8984F-F9E4-4E9C-9320-CC4D3DCAD000} = {5CF46453-A8D7-4B7F-816D-159542B7607C}
		{36AF4773-DC7E-4631-87D1-BD4F319F2CE5} = {1FE793D3-564E-41BA-B8E6-D016E8A3B20E}
		{1FB16C23-5564-41D4-85CC-218AD12F3DBB} = {9E94ACA7-0F9A-4F36-AE72-F9827F80D776}
		{7E334856-5602-452C-9F1C-E2E0D2681D78} = {CCA9A65F-ED8E-4382-BC59-8AF71DFB33AC}
		{1EC49A85-4E75-4539-818F-FF843BAF1094} = {5EBDACA6-C7BD-41BB-93F2-30401E167DC1}
	EndGlobalSection
EndGlobal
